// !$*UTF8*$!
{
	archiveVersion = 1;
	classes = {
	};
	objectVersion = 56;
	objects = {

/* Begin PBXBuildFile section */
		4C9384AF29A6FA9C00430ACA /* Bridge1_0App.swift in Sources */ = {isa = PBXBuildFile; fileRef = 4C9384AE29A6FA9C00430ACA /* Bridge1_0App.swift */; };
		4C9384B129A6FA9C00430ACA /* ContentView.swift in Sources */ = {isa = PBXBuildFile; fileRef = 4C9384B029A6FA9C00430ACA /* ContentView.swift */; };
		4C9384B329A6FA9F00430ACA /* Assets.xcassets in Resources */ = {isa = PBXBuildFile; fileRef = 4C9384B229A6FA9F00430ACA /* Assets.xcassets */; };
		4C9384B629A6FA9F00430ACA /* Preview Assets.xcassets in Resources */ = {isa = PBXBuildFile; fileRef = 4C9384B529A6FA9F00430ACA /* Preview Assets.xcassets */; };
		4C9384C029A6FA9F00430ACA /* Bridge1_0Tests.swift in Sources */ = {isa = PBXBuildFile; fileRef = 4C9384BF29A6FA9F00430ACA /* Bridge1_0Tests.swift */; };
		4C9384CA29A6FA9F00430ACA /* Bridge1_0UITests.swift in Sources */ = {isa = PBXBuildFile; fileRef = 4C9384C929A6FA9F00430ACA /* Bridge1_0UITests.swift */; };
		4C9384CC29A6FA9F00430ACA /* Bridge1_0UITestsLaunchTests.swift in Sources */ = {isa = PBXBuildFile; fileRef = 4C9384CB29A6FA9F00430ACA /* Bridge1_0UITestsLaunchTests.swift */; };
		4C9384E129A6FC9E00430ACA /* FeedView.swift in Sources */ = {isa = PBXBuildFile; fileRef = 4C9384E029A6FC9E00430ACA /* FeedView.swift */; };
		4C9384E429A7BC5800430ACA /* PostRowView.swift in Sources */ = {isa = PBXBuildFile; fileRef = 4C9384E329A7BC5800430ACA /* PostRowView.swift */; };
		4C9384E729A7D25600430ACA /* MainTabView.swift in Sources */ = {isa = PBXBuildFile; fileRef = 4C9384E629A7D25600430ACA /* MainTabView.swift */; };
		4C9384EF29A7D84B00430ACA /* ExploreView.swift in Sources */ = {isa = PBXBuildFile; fileRef = 4C9384EE29A7D84B00430ACA /* ExploreView.swift */; };
		4C9384F129A7D86500430ACA /* NotificationsView.swift in Sources */ = {isa = PBXBuildFile; fileRef = 4C9384F029A7D86500430ACA /* NotificationsView.swift */; };
		4C9384F329A7D88D00430ACA /* MessagesView.swift in Sources */ = {isa = PBXBuildFile; fileRef = 4C9384F229A7D88D00430ACA /* MessagesView.swift */; };
		4C9384F729A7DBD200430ACA /* ProfileView.swift in Sources */ = {isa = PBXBuildFile; fileRef = 4C9384F629A7DBD200430ACA /* ProfileView.swift */; };
		4C9384F929A8075600430ACA /* FilterViewModel.swift in Sources */ = {isa = PBXBuildFile; fileRef = 4C9384F829A8075600430ACA /* FilterViewModel.swift */; };
		4C9384FE29A8093A00430ACA /* UserRowView.swift in Sources */ = {isa = PBXBuildFile; fileRef = 4C9384FD29A8093A00430ACA /* UserRowView.swift */; };
/* End PBXBuildFile section */

/* Begin PBXContainerItemProxy section */
		4C9384BC29A6FA9F00430ACA /* PBXContainerItemProxy */ = {
			isa = PBXContainerItemProxy;
			containerPortal = 4C9384A329A6FA9C00430ACA /* Project object */;
			proxyType = 1;
			remoteGlobalIDString = 4C9384AA29A6FA9C00430ACA;
			remoteInfo = Bridge1.0;
		};
		4C9384C629A6FA9F00430ACA /* PBXContainerItemProxy */ = {
			isa = PBXContainerItemProxy;
			containerPortal = 4C9384A329A6FA9C00430ACA /* Project object */;
			proxyType = 1;
			remoteGlobalIDString = 4C9384AA29A6FA9C00430ACA;
			remoteInfo = Bridge1.0;
		};
/* End PBXContainerItemProxy section */

/* Begin PBXFileReference section */
		4C9384AB29A6FA9C00430ACA /* Bridge1.0.app */ = {isa = PBXFileReference; explicitFileType = wrapper.application; includeInIndex = 0; path = Bridge1.0.app; sourceTree = BUILT_PRODUCTS_DIR; };
		4C9384AE29A6FA9C00430ACA /* Bridge1_0App.swift */ = {isa = PBXFileReference; lastKnownFileType = sourcecode.swift; path = Bridge1_0App.swift; sourceTree = "<group>"; };
		4C9384B029A6FA9C00430ACA /* ContentView.swift */ = {isa = PBXFileReference; lastKnownFileType = sourcecode.swift; path = ContentView.swift; sourceTree = "<group>"; };
		4C9384B229A6FA9F00430ACA /* Assets.xcassets */ = {isa = PBXFileReference; lastKnownFileType = folder.assetcatalog; path = Assets.xcassets; sourceTree = "<group>"; };
		4C9384B529A6FA9F00430ACA /* Preview Assets.xcassets */ = {isa = PBXFileReference; lastKnownFileType = folder.assetcatalog; path = "Preview Assets.xcassets"; sourceTree = "<group>"; };
		4C9384BB29A6FA9F00430ACA /* Bridge1.0Tests.xctest */ = {isa = PBXFileReference; explicitFileType = wrapper.cfbundle; includeInIndex = 0; path = Bridge1.0Tests.xctest; sourceTree = BUILT_PRODUCTS_DIR; };
		4C9384BF29A6FA9F00430ACA /* Bridge1_0Tests.swift */ = {isa = PBXFileReference; lastKnownFileType = sourcecode.swift; path = Bridge1_0Tests.swift; sourceTree = "<group>"; };
		4C9384C529A6FA9F00430ACA /* Bridge1.0UITests.xctest */ = {isa = PBXFileReference; explicitFileType = wrapper.cfbundle; includeInIndex = 0; path = Bridge1.0UITests.xctest; sourceTree = BUILT_PRODUCTS_DIR; };
		4C9384C929A6FA9F00430ACA /* Bridge1_0UITests.swift */ = {isa = PBXFileReference; lastKnownFileType = sourcecode.swift; path = Bridge1_0UITests.swift; sourceTree = "<group>"; };
		4C9384CB29A6FA9F00430ACA /* Bridge1_0UITestsLaunchTests.swift */ = {isa = PBXFileReference; lastKnownFileType = sourcecode.swift; path = Bridge1_0UITestsLaunchTests.swift; sourceTree = "<group>"; };
		4C9384E029A6FC9E00430ACA /* FeedView.swift */ = {isa = PBXFileReference; lastKnownFileType = sourcecode.swift; path = FeedView.swift; sourceTree = "<group>"; };
		4C9384E329A7BC5800430ACA /* PostRowView.swift */ = {isa = PBXFileReference; lastKnownFileType = sourcecode.swift; path = PostRowView.swift; sourceTree = "<group>"; };
		4C9384E629A7D25600430ACA /* MainTabView.swift */ = {isa = PBXFileReference; lastKnownFileType = sourcecode.swift; path = MainTabView.swift; sourceTree = "<group>"; };
		4C9384EE29A7D84B00430ACA /* ExploreView.swift */ = {isa = PBXFileReference; lastKnownFileType = sourcecode.swift; path = ExploreView.swift; sourceTree = "<group>"; };
		4C9384F029A7D86500430ACA /* NotificationsView.swift */ = {isa = PBXFileReference; lastKnownFileType = sourcecode.swift; path = NotificationsView.swift; sourceTree = "<group>"; };
		4C9384F229A7D88D00430ACA /* MessagesView.swift */ = {isa = PBXFileReference; lastKnownFileType = sourcecode.swift; path = MessagesView.swift; sourceTree = "<group>"; };
		4C9384F629A7DBD200430ACA /* ProfileView.swift */ = {isa = PBXFileReference; lastKnownFileType = sourcecode.swift; path = ProfileView.swift; sourceTree = "<group>"; };
		4C9384F829A8075600430ACA /* FilterViewModel.swift */ = {isa = PBXFileReference; lastKnownFileType = sourcecode.swift; path = FilterViewModel.swift; sourceTree = "<group>"; };
		4C9384FD29A8093A00430ACA /* UserRowView.swift */ = {isa = PBXFileReference; lastKnownFileType = sourcecode.swift; path = UserRowView.swift; sourceTree = "<group>"; };
/* End PBXFileReference section */

/* Begin PBXFrameworksBuildPhase section */
		4C9384A829A6FA9C00430ACA /* Frameworks */ = {
			isa = PBXFrameworksBuildPhase;
			buildActionMask = 2147483647;
			files = (
			);
			runOnlyForDeploymentPostprocessing = 0;
		};
		4C9384B829A6FA9F00430ACA /* Frameworks */ = {
			isa = PBXFrameworksBuildPhase;
			buildActionMask = 2147483647;
			files = (
			);
			runOnlyForDeploymentPostprocessing = 0;
		};
		4C9384C229A6FA9F00430ACA /* Frameworks */ = {
			isa = PBXFrameworksBuildPhase;
			buildActionMask = 2147483647;
			files = (
			);
			runOnlyForDeploymentPostprocessing = 0;
		};
/* End PBXFrameworksBuildPhase section */

/* Begin PBXGroup section */
		4C9384A229A6FA9C00430ACA = {
			isa = PBXGroup;
			children = (
				4C9384AD29A6FA9C00430ACA /* Bridge1.0 */,
				4C9384BE29A6FA9F00430ACA /* Bridge1.0Tests */,
				4C9384C829A6FA9F00430ACA /* Bridge1.0UITests */,
				4C9384AC29A6FA9C00430ACA /* Products */,
			);
			sourceTree = "<group>";
		};
		4C9384AC29A6FA9C00430ACA /* Products */ = {
			isa = PBXGroup;
			children = (
				4C9384AB29A6FA9C00430ACA /* Bridge1.0.app */,
				4C9384BB29A6FA9F00430ACA /* Bridge1.0Tests.xctest */,
				4C9384C529A6FA9F00430ACA /* Bridge1.0UITests.xctest */,
			);
			name = Products;
			sourceTree = "<group>";
		};
		4C9384AD29A6FA9C00430ACA /* Bridge1.0 */ = {
			isa = PBXGroup;
			children = (
				4C9384DB29A6FC2500430ACA /* Extensions */,
				4C9384DA29A6FC1E00430ACA /* Model */,
				4C9384D929A6FC1500430ACA /* Service */,
				4C9384D829A6FC0A00430ACA /* Core */,
				4C9384AE29A6FA9C00430ACA /* Bridge1_0App.swift */,
				4C9384B029A6FA9C00430ACA /* ContentView.swift */,
				4C9384B229A6FA9F00430ACA /* Assets.xcassets */,
				4C9384B429A6FA9F00430ACA /* Preview Content */,
			);
			path = Bridge1.0;
			sourceTree = "<group>";
		};
		4C9384B429A6FA9F00430ACA /* Preview Content */ = {
			isa = PBXGroup;
			children = (
				4C9384B529A6FA9F00430ACA /* Preview Assets.xcassets */,
			);
			path = "Preview Content";
			sourceTree = "<group>";
		};
		4C9384BE29A6FA9F00430ACA /* Bridge1.0Tests */ = {
			isa = PBXGroup;
			children = (
				4C9384BF29A6FA9F00430ACA /* Bridge1_0Tests.swift */,
			);
			path = Bridge1.0Tests;
			sourceTree = "<group>";
		};
		4C9384C829A6FA9F00430ACA /* Bridge1.0UITests */ = {
			isa = PBXGroup;
			children = (
				4C9384C929A6FA9F00430ACA /* Bridge1_0UITests.swift */,
				4C9384CB29A6FA9F00430ACA /* Bridge1_0UITestsLaunchTests.swift */,
			);
			path = Bridge1.0UITests;
			sourceTree = "<group>";
		};
		4C9384D829A6FC0A00430ACA /* Core */ = {
			isa = PBXGroup;
			children = (
				4C9384DD29A6FC3B00430ACA /* Components */,
				4C9384ED29A7D6EF00430ACA /* Profile */,
				4C9384EC29A7D6E400430ACA /* Explore */,
				4C9384EA29A7D6D100430ACA /* Notifications */,
				4C9384E929A7D6CE00430ACA /* Messages */,
				4C9384E529A7D24000430ACA /* MainTab */,
				4C9384DC29A6FC3500430ACA /* Feed */,
			);
			path = Core;
			sourceTree = "<group>";
		};
		4C9384D929A6FC1500430ACA /* Service */ = {
			isa = PBXGroup;
			children = (
			);
			path = Service;
			sourceTree = "<group>";
		};
		4C9384DA29A6FC1E00430ACA /* Model */ = {
			isa = PBXGroup;
			children = (
			);
			path = Model;
			sourceTree = "<group>";
		};
		4C9384DB29A6FC2500430ACA /* Extensions */ = {
			isa = PBXGroup;
			children = (
			);
			path = Extensions;
			sourceTree = "<group>";
		};
		4C9384DC29A6FC3500430ACA /* Feed */ = {
			isa = PBXGroup;
			children = (
				4C9384DE29A6FC6700430ACA /* ViewModels */,
				4C9384DF29A6FC7100430ACA /* View */,
			);
			path = Feed;
			sourceTree = "<group>";
		};
		4C9384DD29A6FC3B00430ACA /* Components */ = {
			isa = PBXGroup;
			children = (
				4C9384FC29A8092500430ACA /* Users */,
				4C9384E229A7BC4300430ACA /* Posts */,
			);
			path = Components;
			sourceTree = "<group>";
		};
		4C9384DE29A6FC6700430ACA /* ViewModels */ = {
			isa = PBXGroup;
			children = (
			);
			path = ViewModels;
			sourceTree = "<group>";
		};
		4C9384DF29A6FC7100430ACA /* View */ = {
			isa = PBXGroup;
			children = (
				4C9384E029A6FC9E00430ACA /* FeedView.swift */,
			);
			path = View;
			sourceTree = "<group>";
		};
		4C9384E229A7BC4300430ACA /* Posts */ = {
			isa = PBXGroup;
			children = (
				4C9384E329A7BC5800430ACA /* PostRowView.swift */,
			);
			path = Posts;
			sourceTree = "<group>";
		};
		4C9384E529A7D24000430ACA /* MainTab */ = {
			isa = PBXGroup;
			children = (
				4C9384E629A7D25600430ACA /* MainTabView.swift */,
			);
			path = MainTab;
			sourceTree = "<group>";
		};
		4C9384E929A7D6CE00430ACA /* Messages */ = {
			isa = PBXGroup;
			children = (
				4C9384F229A7D88D00430ACA /* MessagesView.swift */,
			);
			path = Messages;
			sourceTree = "<group>";
		};
		4C9384EA29A7D6D100430ACA /* Notifications */ = {
			isa = PBXGroup;
			children = (
				4C9384F029A7D86500430ACA /* NotificationsView.swift */,
			);
			path = Notifications;
			sourceTree = "<group>";
		};
		4C9384EC29A7D6E400430ACA /* Explore */ = {
			isa = PBXGroup;
			children = (
				4C9384FA29A8087500430ACA /* ViewModels */,
				4C9384FB29A8088200430ACA /* View */,
			);
			path = Explore;
			sourceTree = "<group>";
		};
		4C9384ED29A7D6EF00430ACA /* Profile */ = {
			isa = PBXGroup;
			children = (
				4C9384F429A7DBAC00430ACA /* ViewModel */,
				4C9384F529A7DBBB00430ACA /* Views */,
			);
			path = Profile;
			sourceTree = "<group>";
		};
		4C9384F429A7DBAC00430ACA /* ViewModel */ = {
			isa = PBXGroup;
			children = (
				4C9384F829A8075600430ACA /* FilterViewModel.swift */,
			);
			path = ViewModel;
			sourceTree = "<group>";
		};
		4C9384F529A7DBBB00430ACA /* Views */ = {
			isa = PBXGroup;
			children = (
				4C9384F629A7DBD200430ACA /* ProfileView.swift */,
			);
			path = Views;
			sourceTree = "<group>";
		};
		4C9384FA29A8087500430ACA /* ViewModels */ = {
			isa = PBXGroup;
			children = (
			);
			path = ViewModels;
			sourceTree = "<group>";
		};
		4C9384FB29A8088200430ACA /* View */ = {
			isa = PBXGroup;
			children = (
				4C9384EE29A7D84B00430ACA /* ExploreView.swift */,
			);
			path = View;
			sourceTree = "<group>";
		};
		4C9384FC29A8092500430ACA /* Users */ = {
			isa = PBXGroup;
			children = (
				4C9384FD29A8093A00430ACA /* UserRowView.swift */,
			);
			path = Users;
			sourceTree = "<group>";
		};
/* End PBXGroup section */

/* Begin PBXNativeTarget section */
		4C9384AA29A6FA9C00430ACA /* Bridge1.0 */ = {
			isa = PBXNativeTarget;
			buildConfigurationList = 4C9384CF29A6FA9F00430ACA /* Build configuration list for PBXNativeTarget "Bridge1.0" */;
			buildPhases = (
				4C9384A729A6FA9C00430ACA /* Sources */,
				4C9384A829A6FA9C00430ACA /* Frameworks */,
				4C9384A929A6FA9C00430ACA /* Resources */,
			);
			buildRules = (
			);
			dependencies = (
			);
			name = Bridge1.0;
			productName = Bridge1.0;
			productReference = 4C9384AB29A6FA9C00430ACA /* Bridge1.0.app */;
			productType = "com.apple.product-type.application";
		};
		4C9384BA29A6FA9F00430ACA /* Bridge1.0Tests */ = {
			isa = PBXNativeTarget;
			buildConfigurationList = 4C9384D229A6FA9F00430ACA /* Build configuration list for PBXNativeTarget "Bridge1.0Tests" */;
			buildPhases = (
				4C9384B729A6FA9F00430ACA /* Sources */,
				4C9384B829A6FA9F00430ACA /* Frameworks */,
				4C9384B929A6FA9F00430ACA /* Resources */,
			);
			buildRules = (
			);
			dependencies = (
				4C9384BD29A6FA9F00430ACA /* PBXTargetDependency */,
			);
			name = Bridge1.0Tests;
			productName = Bridge1.0Tests;
			productReference = 4C9384BB29A6FA9F00430ACA /* Bridge1.0Tests.xctest */;
			productType = "com.apple.product-type.bundle.unit-test";
		};
		4C9384C429A6FA9F00430ACA /* Bridge1.0UITests */ = {
			isa = PBXNativeTarget;
			buildConfigurationList = 4C9384D529A6FA9F00430ACA /* Build configuration list for PBXNativeTarget "Bridge1.0UITests" */;
			buildPhases = (
				4C9384C129A6FA9F00430ACA /* Sources */,
				4C9384C229A6FA9F00430ACA /* Frameworks */,
				4C9384C329A6FA9F00430ACA /* Resources */,
			);
			buildRules = (
			);
			dependencies = (
				4C9384C729A6FA9F00430ACA /* PBXTargetDependency */,
			);
			name = Bridge1.0UITests;
			productName = Bridge1.0UITests;
			productReference = 4C9384C529A6FA9F00430ACA /* Bridge1.0UITests.xctest */;
			productType = "com.apple.product-type.bundle.ui-testing";
		};
/* End PBXNativeTarget section */

/* Begin PBXProject section */
		4C9384A329A6FA9C00430ACA /* Project object */ = {
			isa = PBXProject;
			attributes = {
				BuildIndependentTargetsInParallel = 1;
				LastSwiftUpdateCheck = 1420;
				LastUpgradeCheck = 1420;
				TargetAttributes = {
					4C9384AA29A6FA9C00430ACA = {
						CreatedOnToolsVersion = 14.2;
					};
					4C9384BA29A6FA9F00430ACA = {
						CreatedOnToolsVersion = 14.2;
						TestTargetID = 4C9384AA29A6FA9C00430ACA;
					};
					4C9384C429A6FA9F00430ACA = {
						CreatedOnToolsVersion = 14.2;
						TestTargetID = 4C9384AA29A6FA9C00430ACA;
					};
				};
			};
			buildConfigurationList = 4C9384A629A6FA9C00430ACA /* Build configuration list for PBXProject "Bridge1.0" */;
			compatibilityVersion = "Xcode 14.0";
			developmentRegion = en;
			hasScannedForEncodings = 0;
			knownRegions = (
				en,
				Base,
			);
			mainGroup = 4C9384A229A6FA9C00430ACA;
			productRefGroup = 4C9384AC29A6FA9C00430ACA /* Products */;
			projectDirPath = "";
			projectRoot = "";
			targets = (
				4C9384AA29A6FA9C00430ACA /* Bridge1.0 */,
				4C9384BA29A6FA9F00430ACA /* Bridge1.0Tests */,
				4C9384C429A6FA9F00430ACA /* Bridge1.0UITests */,
			);
		};
/* End PBXProject section */

/* Begin PBXResourcesBuildPhase section */
		4C9384A929A6FA9C00430ACA /* Resources */ = {
			isa = PBXResourcesBuildPhase;
			buildActionMask = 2147483647;
			files = (
				4C9384B629A6FA9F00430ACA /* Preview Assets.xcassets in Resources */,
				4C9384B329A6FA9F00430ACA /* Assets.xcassets in Resources */,
			);
			runOnlyForDeploymentPostprocessing = 0;
		};
		4C9384B929A6FA9F00430ACA /* Resources */ = {
			isa = PBXResourcesBuildPhase;
			buildActionMask = 2147483647;
			files = (
			);
			runOnlyForDeploymentPostprocessing = 0;
		};
		4C9384C329A6FA9F00430ACA /* Resources */ = {
			isa = PBXResourcesBuildPhase;
			buildActionMask = 2147483647;
			files = (
			);
			runOnlyForDeploymentPostprocessing = 0;
		};
/* End PBXResourcesBuildPhase section */

/* Begin PBXSourcesBuildPhase section */
		4C9384A729A6FA9C00430ACA /* Sources */ = {
			isa = PBXSourcesBuildPhase;
			buildActionMask = 2147483647;
			files = (
				4C9384F329A7D88D00430ACA /* MessagesView.swift in Sources */,
				4C9384F729A7DBD200430ACA /* ProfileView.swift in Sources */,
				4C9384F929A8075600430ACA /* FilterViewModel.swift in Sources */,
				4C9384B129A6FA9C00430ACA /* ContentView.swift in Sources */,
				4C9384E429A7BC5800430ACA /* PostRowView.swift in Sources */,
				4C9384E129A6FC9E00430ACA /* FeedView.swift in Sources */,
				4C9384AF29A6FA9C00430ACA /* Bridge1_0App.swift in Sources */,
				4C9384EF29A7D84B00430ACA /* ExploreView.swift in Sources */,
				4C9384FE29A8093A00430ACA /* UserRowView.swift in Sources */,
				4C9384E729A7D25600430ACA /* MainTabView.swift in Sources */,
				4C9384F129A7D86500430ACA /* NotificationsView.swift in Sources */,
			);
			runOnlyForDeploymentPostprocessing = 0;
		};
		4C9384B729A6FA9F00430ACA /* Sources */ = {
			isa = PBXSourcesBuildPhase;
			buildActionMask = 2147483647;
			files = (
				4C9384C029A6FA9F00430ACA /* Bridge1_0Tests.swift in Sources */,
			);
			runOnlyForDeploymentPostprocessing = 0;
		};
		4C9384C129A6FA9F00430ACA /* Sources */ = {
			isa = PBXSourcesBuildPhase;
			buildActionMask = 2147483647;
			files = (
				4C9384CC29A6FA9F00430ACA /* Bridge1_0UITestsLaunchTests.swift in Sources */,
				4C9384CA29A6FA9F00430ACA /* Bridge1_0UITests.swift in Sources */,
			);
			runOnlyForDeploymentPostprocessing = 0;
		};
/* End PBXSourcesBuildPhase section */

/* Begin PBXTargetDependency section */
		4C9384BD29A6FA9F00430ACA /* PBXTargetDependency */ = {
			isa = PBXTargetDependency;
			target = 4C9384AA29A6FA9C00430ACA /* Bridge1.0 */;
			targetProxy = 4C9384BC29A6FA9F00430ACA /* PBXContainerItemProxy */;
		};
		4C9384C729A6FA9F00430ACA /* PBXTargetDependency */ = {
			isa = PBXTargetDependency;
			target = 4C9384AA29A6FA9C00430ACA /* Bridge1.0 */;
			targetProxy = 4C9384C629A6FA9F00430ACA /* PBXContainerItemProxy */;
		};
/* End PBXTargetDependency section */

/* Begin XCBuildConfiguration section */
		4C9384CD29A6FA9F00430ACA /* Debug */ = {
			isa = XCBuildConfiguration;
			buildSettings = {
				ALWAYS_SEARCH_USER_PATHS = NO;
				CLANG_ANALYZER_NONNULL = YES;
				CLANG_ANALYZER_NUMBER_OBJECT_CONVERSION = YES_AGGRESSIVE;
				CLANG_CXX_LANGUAGE_STANDARD = "gnu++20";
				CLANG_ENABLE_MODULES = YES;
				CLANG_ENABLE_OBJC_ARC = YES;
				CLANG_ENABLE_OBJC_WEAK = YES;
				CLANG_WARN_BLOCK_CAPTURE_AUTORELEASING = YES;
				CLANG_WARN_BOOL_CONVERSION = YES;
				CLANG_WARN_COMMA = YES;
				CLANG_WARN_CONSTANT_CONVERSION = YES;
				CLANG_WARN_DEPRECATED_OBJC_IMPLEMENTATIONS = YES;
				CLANG_WARN_DIRECT_OBJC_ISA_USAGE = YES_ERROR;
				CLANG_WARN_DOCUMENTATION_COMMENTS = YES;
				CLANG_WARN_EMPTY_BODY = YES;
				CLANG_WARN_ENUM_CONVERSION = YES;
				CLANG_WARN_INFINITE_RECURSION = YES;
				CLANG_WARN_INT_CONVERSION = YES;
				CLANG_WARN_NON_LITERAL_NULL_CONVERSION = YES;
				CLANG_WARN_OBJC_IMPLICIT_RETAIN_SELF = YES;
				CLANG_WARN_OBJC_LITERAL_CONVERSION = YES;
				CLANG_WARN_OBJC_ROOT_CLASS = YES_ERROR;
				CLANG_WARN_QUOTED_INCLUDE_IN_FRAMEWORK_HEADER = YES;
				CLANG_WARN_RANGE_LOOP_ANALYSIS = YES;
				CLANG_WARN_STRICT_PROTOTYPES = YES;
				CLANG_WARN_SUSPICIOUS_MOVE = YES;
				CLANG_WARN_UNGUARDED_AVAILABILITY = YES_AGGRESSIVE;
				CLANG_WARN_UNREACHABLE_CODE = YES;
				CLANG_WARN__DUPLICATE_METHOD_MATCH = YES;
				COPY_PHASE_STRIP = NO;
				DEBUG_INFORMATION_FORMAT = dwarf;
				ENABLE_STRICT_OBJC_MSGSEND = YES;
				ENABLE_TESTABILITY = YES;
				GCC_C_LANGUAGE_STANDARD = gnu11;
				GCC_DYNAMIC_NO_PIC = NO;
				GCC_NO_COMMON_BLOCKS = YES;
				GCC_OPTIMIZATION_LEVEL = 0;
				GCC_PREPROCESSOR_DEFINITIONS = (
					"DEBUG=1",
					"$(inherited)",
				);
				GCC_WARN_64_TO_32_BIT_CONVERSION = YES;
				GCC_WARN_ABOUT_RETURN_TYPE = YES_ERROR;
				GCC_WARN_UNDECLARED_SELECTOR = YES;
				GCC_WARN_UNINITIALIZED_AUTOS = YES_AGGRESSIVE;
				GCC_WARN_UNUSED_FUNCTION = YES;
				GCC_WARN_UNUSED_VARIABLE = YES;
				IPHONEOS_DEPLOYMENT_TARGET = 16.2;
				MTL_ENABLE_DEBUG_INFO = INCLUDE_SOURCE;
				MTL_FAST_MATH = YES;
				ONLY_ACTIVE_ARCH = YES;
				SDKROOT = iphoneos;
				SWIFT_ACTIVE_COMPILATION_CONDITIONS = DEBUG;
				SWIFT_OPTIMIZATION_LEVEL = "-Onone";
			};
			name = Debug;
		};
		4C9384CE29A6FA9F00430ACA /* Release */ = {
			isa = XCBuildConfiguration;
			buildSettings = {
				ALWAYS_SEARCH_USER_PATHS = NO;
				CLANG_ANALYZER_NONNULL = YES;
				CLANG_ANALYZER_NUMBER_OBJECT_CONVERSION = YES_AGGRESSIVE;
				CLANG_CXX_LANGUAGE_STANDARD = "gnu++20";
				CLANG_ENABLE_MODULES = YES;
				CLANG_ENABLE_OBJC_ARC = YES;
				CLANG_ENABLE_OBJC_WEAK = YES;
				CLANG_WARN_BLOCK_CAPTURE_AUTORELEASING = YES;
				CLANG_WARN_BOOL_CONVERSION = YES;
				CLANG_WARN_COMMA = YES;
				CLANG_WARN_CONSTANT_CONVERSION = YES;
				CLANG_WARN_DEPRECATED_OBJC_IMPLEMENTATIONS = YES;
				CLANG_WARN_DIRECT_OBJC_ISA_USAGE = YES_ERROR;
				CLANG_WARN_DOCUMENTATION_COMMENTS = YES;
				CLANG_WARN_EMPTY_BODY = YES;
				CLANG_WARN_ENUM_CONVERSION = YES;
				CLANG_WARN_INFINITE_RECURSION = YES;
				CLANG_WARN_INT_CONVERSION = YES;
				CLANG_WARN_NON_LITERAL_NULL_CONVERSION = YES;
				CLANG_WARN_OBJC_IMPLICIT_RETAIN_SELF = YES;
				CLANG_WARN_OBJC_LITERAL_CONVERSION = YES;
				CLANG_WARN_OBJC_ROOT_CLASS = YES_ERROR;
				CLANG_WARN_QUOTED_INCLUDE_IN_FRAMEWORK_HEADER = YES;
				CLANG_WARN_RANGE_LOOP_ANALYSIS = YES;
				CLANG_WARN_STRICT_PROTOTYPES = YES;
				CLANG_WARN_SUSPICIOUS_MOVE = YES;
				CLANG_WARN_UNGUARDED_AVAILABILITY = YES_AGGRESSIVE;
				CLANG_WARN_UNREACHABLE_CODE = YES;
				CLANG_WARN__DUPLICATE_METHOD_MATCH = YES;
				COPY_PHASE_STRIP = NO;
				DEBUG_INFORMATION_FORMAT = "dwarf-with-dsym";
				ENABLE_NS_ASSERTIONS = NO;
				ENABLE_STRICT_OBJC_MSGSEND = YES;
				GCC_C_LANGUAGE_STANDARD = gnu11;
				GCC_NO_COMMON_BLOCKS = YES;
				GCC_WARN_64_TO_32_BIT_CONVERSION = YES;
				GCC_WARN_ABOUT_RETURN_TYPE = YES_ERROR;
				GCC_WARN_UNDECLARED_SELECTOR = YES;
				GCC_WARN_UNINITIALIZED_AUTOS = YES_AGGRESSIVE;
				GCC_WARN_UNUSED_FUNCTION = YES;
				GCC_WARN_UNUSED_VARIABLE = YES;
				IPHONEOS_DEPLOYMENT_TARGET = 16.2;
				MTL_ENABLE_DEBUG_INFO = NO;
				MTL_FAST_MATH = YES;
				SDKROOT = iphoneos;
				SWIFT_COMPILATION_MODE = wholemodule;
				SWIFT_OPTIMIZATION_LEVEL = "-O";
				VALIDATE_PRODUCT = YES;
			};
			name = Release;
		};
		4C9384D029A6FA9F00430ACA /* Debug */ = {
			isa = XCBuildConfiguration;
			buildSettings = {
				ASSETCATALOG_COMPILER_APPICON_NAME = AppIcon;
				ASSETCATALOG_COMPILER_GLOBAL_ACCENT_COLOR_NAME = AccentColor;
				CODE_SIGN_STYLE = Automatic;
				CURRENT_PROJECT_VERSION = 1;
				DEVELOPMENT_ASSET_PATHS = "\"Bridge1.0/Preview Content\"";
				DEVELOPMENT_TEAM = 7994HAASCD;
				ENABLE_PREVIEWS = YES;
				GENERATE_INFOPLIST_FILE = YES;
				INFOPLIST_KEY_UIApplicationSceneManifest_Generation = YES;
				INFOPLIST_KEY_UIApplicationSupportsIndirectInputEvents = YES;
				INFOPLIST_KEY_UILaunchScreen_Generation = YES;
				INFOPLIST_KEY_UISupportedInterfaceOrientations_iPad = "UIInterfaceOrientationPortrait UIInterfaceOrientationPortraitUpsideDown UIInterfaceOrientationLandscapeLeft UIInterfaceOrientationLandscapeRight";
				INFOPLIST_KEY_UISupportedInterfaceOrientations_iPhone = "UIInterfaceOrientationPortrait UIInterfaceOrientationLandscapeLeft UIInterfaceOrientationLandscapeRight";
				LD_RUNPATH_SEARCH_PATHS = (
					"$(inherited)",
					"@executable_path/Frameworks",
				);
				MARKETING_VERSION = 1.0;
				PRODUCT_BUNDLE_IDENTIFIER = "com.felipe.Bridge1-0";
				PRODUCT_NAME = "$(TARGET_NAME)";
				SWIFT_EMIT_LOC_STRINGS = YES;
				SWIFT_VERSION = 5.0;
				TARGETED_DEVICE_FAMILY = "1,2";
			};
			name = Debug;
		};
		4C9384D129A6FA9F00430ACA /* Release */ = {
			isa = XCBuildConfiguration;
			buildSettings = {
				ASSETCATALOG_COMPILER_APPICON_NAME = AppIcon;
				ASSETCATALOG_COMPILER_GLOBAL_ACCENT_COLOR_NAME = AccentColor;
				CODE_SIGN_STYLE = Automatic;
				CURRENT_PROJECT_VERSION = 1;
				DEVELOPMENT_ASSET_PATHS = "\"Bridge1.0/Preview Content\"";
				DEVELOPMENT_TEAM = 7994HAASCD;
				ENABLE_PREVIEWS = YES;
				GENERATE_INFOPLIST_FILE = YES;
				INFOPLIST_KEY_UIApplicationSceneManifest_Generation = YES;
				INFOPLIST_KEY_UIApplicationSupportsIndirectInputEvents = YES;
				INFOPLIST_KEY_UILaunchScreen_Generation = YES;
				INFOPLIST_KEY_UISupportedInterfaceOrientations_iPad = "UIInterfaceOrientationPortrait UIInterfaceOrientationPortraitUpsideDown UIInterfaceOrientationLandscapeLeft UIInterfaceOrientationLandscapeRight";
				INFOPLIST_KEY_UISupportedInterfaceOrientations_iPhone = "UIInterfaceOrientationPortrait UIInterfaceOrientationLandscapeLeft UIInterfaceOrientationLandscapeRight";
				LD_RUNPATH_SEARCH_PATHS = (
					"$(inherited)",
					"@executable_path/Frameworks",
				);
				MARKETING_VERSION = 1.0;
				PRODUCT_BUNDLE_IDENTIFIER = "com.felipe.Bridge1-0";
				PRODUCT_NAME = "$(TARGET_NAME)";
				SWIFT_EMIT_LOC_STRINGS = YES;
				SWIFT_VERSION = 5.0;
				TARGETED_DEVICE_FAMILY = "1,2";
			};
			name = Release;
		};
		4C9384D329A6FA9F00430ACA /* Debug */ = {
			isa = XCBuildConfiguration;
			buildSettings = {
				ALWAYS_EMBED_SWIFT_STANDARD_LIBRARIES = YES;
				BUNDLE_LOADER = "$(TEST_HOST)";
				CODE_SIGN_STYLE = Automatic;
				CURRENT_PROJECT_VERSION = 1;
				DEVELOPMENT_TEAM = 7994HAASCD;
				GENERATE_INFOPLIST_FILE = YES;
				IPHONEOS_DEPLOYMENT_TARGET = 16.2;
				MARKETING_VERSION = 1.0;
				PRODUCT_BUNDLE_IDENTIFIER = "com.felipe.Bridge1-0Tests";
				PRODUCT_NAME = "$(TARGET_NAME)";
				SWIFT_EMIT_LOC_STRINGS = NO;
				SWIFT_VERSION = 5.0;
				TARGETED_DEVICE_FAMILY = "1,2";
				TEST_HOST = "$(BUILT_PRODUCTS_DIR)/Bridge1.0.app/$(BUNDLE_EXECUTABLE_FOLDER_PATH)/Bridge1.0";
			};
			name = Debug;
		};
		4C9384D429A6FA9F00430ACA /* Release */ = {
			isa = XCBuildConfiguration;
			buildSettings = {
				ALWAYS_EMBED_SWIFT_STANDARD_LIBRARIES = YES;
				BUNDLE_LOADER = "$(TEST_HOST)";
				CODE_SIGN_STYLE = Automatic;
				CURRENT_PROJECT_VERSION = 1;
				DEVELOPMENT_TEAM = 7994HAASCD;
				GENERATE_INFOPLIST_FILE = YES;
				IPHONEOS_DEPLOYMENT_TARGET = 16.2;
				MARKETING_VERSION = 1.0;
				PRODUCT_BUNDLE_IDENTIFIER = "com.felipe.Bridge1-0Tests";
				PRODUCT_NAME = "$(TARGET_NAME)";
				SWIFT_EMIT_LOC_STRINGS = NO;
				SWIFT_VERSION = 5.0;
				TARGETED_DEVICE_FAMILY = "1,2";
				TEST_HOST = "$(BUILT_PRODUCTS_DIR)/Bridge1.0.app/$(BUNDLE_EXECUTABLE_FOLDER_PATH)/Bridge1.0";
			};
			name = Release;
		};
		4C9384D629A6FA9F00430ACA /* Debug */ = {
			isa = XCBuildConfiguration;
			buildSettings = {
				ALWAYS_EMBED_SWIFT_STANDARD_LIBRARIES = YES;
				CODE_SIGN_STYLE = Automatic;
				CURRENT_PROJECT_VERSION = 1;
				DEVELOPMENT_TEAM = 7994HAASCD;
				GENERATE_INFOPLIST_FILE = YES;
				MARKETING_VERSION = 1.0;
				PRODUCT_BUNDLE_IDENTIFIER = "com.felipe.Bridge1-0UITests";
				PRODUCT_NAME = "$(TARGET_NAME)";
				SWIFT_EMIT_LOC_STRINGS = NO;
				SWIFT_VERSION = 5.0;
				TARGETED_DEVICE_FAMILY = "1,2";
				TEST_TARGET_NAME = Bridge1.0;
			};
			name = Debug;
		};
		4C9384D729A6FA9F00430ACA /* Release */ = {
			isa = XCBuildConfiguration;
			buildSettings = {
				ALWAYS_EMBED_SWIFT_STANDARD_LIBRARIES = YES;
				CODE_SIGN_STYLE = Automatic;
				CURRENT_PROJECT_VERSION = 1;
				DEVELOPMENT_TEAM = 7994HAASCD;
				GENERATE_INFOPLIST_FILE = YES;
				MARKETING_VERSION = 1.0;
				PRODUCT_BUNDLE_IDENTIFIER = "com.felipe.Bridge1-0UITests";
				PRODUCT_NAME = "$(TARGET_NAME)";
				SWIFT_EMIT_LOC_STRINGS = NO;
				SWIFT_VERSION = 5.0;
				TARGETED_DEVICE_FAMILY = "1,2";
				TEST_TARGET_NAME = Bridge1.0;
			};
			name = Release;
		};
/* End XCBuildConfiguration section */

/* Begin XCConfigurationList section */
		4C9384A629A6FA9C00430ACA /* Build configuration list for PBXProject "Bridge1.0" */ = {
			isa = XCConfigurationList;
			buildConfigurations = (
				4C9384CD29A6FA9F00430ACA /* Debug */,
				4C9384CE29A6FA9F00430ACA /* Release */,
			);
			defaultConfigurationIsVisible = 0;
			defaultConfigurationName = Release;
		};
		4C9384CF29A6FA9F00430ACA /* Build configuration list for PBXNativeTarget "Bridge1.0" */ = {
			isa = XCConfigurationList;
			buildConfigurations = (
				4C9384D029A6FA9F00430ACA /* Debug */,
				4C9384D129A6FA9F00430ACA /* Release */,
			);
			defaultConfigurationIsVisible = 0;
			defaultConfigurationName = Release;
		};
		4C9384D229A6FA9F00430ACA /* Build configuration list for PBXNativeTarget "Bridge1.0Tests" */ = {
			isa = XCConfigurationList;
			buildConfigurations = (
				4C9384D329A6FA9F00430ACA /* Debug */,
				4C9384D429A6FA9F00430ACA /* Release */,
			);
			defaultConfigurationIsVisible = 0;
			defaultConfigurationName = Release;
		};
		4C9384D529A6FA9F00430ACA /* Build configuration list for PBXNativeTarget "Bridge1.0UITests" */ = {
			isa = XCConfigurationList;
			buildConfigurations = (
				4C9384D629A6FA9F00430ACA /* Debug */,
				4C9384D729A6FA9F00430ACA /* Release */,
			);
			defaultConfigurationIsVisible = 0;
			defaultConfigurationName = Release;
		};
/* End XCConfigurationList section */
	};
	rootObject = 4C9384A329A6FA9C00430ACA /* Project object */;
}
